{
  "name": "asha-demo",
  "version": "0.1.0",
  "lockfileVersion": 3,
  "requires": true,
  "packages": {
    "": {
      "name": "asha-demo",
      "version": "0.1.0",
      "dependencies": {
        "@asha/catalog-core": "file:../asha/ts/packages/catalog-core",
        "@asha/contracts": "file:../asha/ts/packages/contracts",
        "@asha/game-workspace": "file:../asha/ts/packages/game-workspace",
        "@asha/render-projection": "file:../asha/ts/packages/render-projection",
        "@asha/renderer-three": "file:../asha/ts/packages/renderer-three",
        "@asha/runtime-bridge": "file:../asha/ts/packages/runtime-bridge",
        "@asha/ui-dom": "file:../asha/ts/packages/ui-dom",
        "three": "^0.184.0"
      },
      "devDependencies": {
        "@playwright/test": "^1.61.1"
      }
    },
    "../asha/ts/packages/catalog-core": {
      "name": "@asha/catalog-core",
      "version": "0.1.0",
      "dependencies": {
        "@asha/contracts": "workspace:*"
      }
    },
    "../asha/ts/packages/contracts": {
      "name": "@asha/contracts",
      "version": "0.1.0"
    },
    "../asha/ts/packages/game-workspace": {
      "name": "@asha/game-workspace",
      "version": "0.1.0"
    },
    "../asha/ts/packages/render-projection": {
      "name": "@asha/render-projection",
      "version": "0.1.0",
      "dependencies": {
        "@asha/contracts": "workspace:*"
      }
    },
    "../asha/ts/packages/renderer-three": {
      "name": "@asha/renderer-three",
      "version": "0.1.0",
      "dependencies": {
        "@asha/contracts": "workspace:*",
        "@asha/render-projection": "workspace:*",
        "@asha/runtime-bridge": "workspace:*",
        "three": "^0.184.0"
      },
      "devDependencies": {
        "@types/three": "^0.184.1"
      }
    },
    "../asha/ts/packages/runtime-bridge": {
      "name": "@asha/runtime-bridge",
      "version": "0.1.0",
      "dependencies": {
        "@asha/contracts": "workspace:*",
        "@asha/native-bridge": "workspace:*"
      }
    },
    "../asha/ts/packages/ui-dom": {
      "name": "@asha/ui-dom",
      "version": "0.1.0",
      "dependencies": {
        "@asha/contracts": "workspace:*",
        "@asha/editor-tools": "workspace:*",
        "@asha/runtime-bridge": "workspace:*"
      }
    },
    "node_modules/@asha/catalog-core": {
      "resolved": "../asha/ts/packages/catalog-core",
      "link": true
    },
    "node_modules/@asha/contracts": {
      "resolved": "../asha/ts/packages/contracts",
      "link": true
    },
    "node_modules/@asha/game-workspace": {
      "resolved": "../asha/ts/packages/game-workspace",
      "link": true
    },
    "node_modules/@asha/render-projection": {
      "resolved": "../asha/ts/packages/render-projection",
      "link": true
    },
    "node_modules/@asha/renderer-three": {
      "resolved": "../asha/ts/packages/renderer-three",
      "link": true
    },
    "node_modules/@asha/runtime-bridge": {
      "resolved": "../asha/ts/packages/runtime-bridge",
      "link": true
    },
    "node_modules/@asha/ui-dom": {
      "resolved": "../asha/ts/packages/ui-dom",
      "link": true
    },
    "node_modules/@playwright/test": {
      "version": "1.61.1",
      "resolved": "https://registry.npmjs.org/@playwright/test/-/test-1.61.1.tgz",
      "integrity": "sha512-8nKv6+0RJSL9FE4jYOEGXnPeM/Hg12qZpmqzZjRh3qM0Y7c3z1mrOTfFLids72RDQYVh9WpLEfR5WdpNX4fkig==",
      "dev": true,
      "license": "Apache-2.0",
      "dependencies": {
        "playwright": "1.61.1"
      },
      "bin": {
        "playwright": "cli.js"
      },
      "engines": {
        "node": ">=18"
      }
    },
    "node_modules/fsevents": {
      "version": "2.3.2",
      "resolved": "https://registry.npmjs.org/fsevents/-/fsevents-2.3.2.tgz",
      "integrity": "sha512-xiqMQR4xAeHTuB9uWm+fFRcIOgKBMiOBP+eXiyT7jsgVCq1bkVygt00oASowB7EdtpOHaaPgKt812P9ab+DDKA==",
      "dev": true,
      "hasInstallScript": true,
      "license": "MIT",
      "optional": true,
      "os": [
        "darwin"
      ],
      "engines": {
        "node": "^8.16.0 || ^10.6.0 || >=11.0.0"
      }
    },
    "node_modules/playwright": {
      "version": "1.61.1",
      "resolved": "https://registry.npmjs.org/playwright/-/playwright-1.61.1.tgz",
      "integrity": "sha512-DWnY5o3YbLWK4GovuAVwpqL+1VwGNdUGrRr++8j8PtQQzvAVZUIMjKQ90fY689sEJZJBbZVw1rXaOKSTitkzPQ==",
      "dev": true,
      "license": "Apache-2.0",
      "dependencies": {
        "playwright-core": "1.61.1"
      },
      "bin": {
        "playwright": "cli.js"
      },
      "engines": {
        "node": ">=18"
      },
      "optionalDependencies": {
        "fsevents": "2.3.2"
      }
    },
    "node_modules/playwright-core": {
      "version": "1.61.1",
      "resolved": "https://registry.npmjs.org/playwright-core/-/playwright-core-1.61.1.tgz",
      "integrity": "sha512-h7Qlt6m4REp25qvIdvbDtVmD4LqVXfpRxhORv9L0jzETM05p4fuPJ3dKyuSXQxDSbXnmS79HAgi9589lGSpLkg==",
      "dev": true,
      "license": "Apache-2.0",
      "bin": {
        "playwright-core": "cli.js"
      },
      "engines": {
        "node": ">=18"
      }
    },
    "node_modules/three": {
      "version": "0.184.0",
      "resolved": "https://registry.npmjs.org/three/-/three-0.184.0.tgz",
      "integrity": "sha512-wtTRjG92pM5eUg/KuUnHsqSAlPM296brTOcLgMRqEeylYTh/CdtvKUvCyyCQTzFuStieWxvZb8mVTMvdPyUpxg==",
      "license": "MIT"
    }
  }
}
